
Microsoft Visual Studio Solution File, Format Version 12.00
# Visual Studio 2012
Project("{FAE04EC0-301F-11D3-BF4B-00C04F79EFBC}") = "esri typescript", "esri typescript\esri typescript.csproj", "{877D7F66-626C-4FAC-8B0E-D8DD6CEF5824}"
EndProject
Global
	GlobalSection(SolutionConfigurationPlatforms) = preSolution
		Debug|Any CPU = Debug|Any CPU
		Release|Any CPU = Release|Any CPU
	EndGlobalSection
	GlobalSection(ProjectConfigurationPlatforms) = postSolution
		{877D7F66-626C-4FAC-8B0E-D8DD6CEF5824}.Debug|Any CPU.ActiveCfg = Debug|Any CPU
		{877D7F66-626C-4FAC-8B0E-D8DD6CEF5824}.Debug|Any CPU.Build.0 = Debug|Any CPU
		{877D7F66-626C-4FAC-8B0E-D8DD6CEF5824}.Release|Any CPU.ActiveCfg = Release|Any CPU
		{877D7F66-626C-4FAC-8B0E-D8DD6CEF5824}.Release|Any CPU.Build.0 = Release|Any CPU
	EndGlobalSection
	GlobalSection(SolutionProperties) = preSolution
		HideSolutionNode = FALSE
	EndGlobalSection
EndGlobal
